
Microsoft Visual Studio Solution File, Format Version 12.00
# Visual Studio Version 17
VisualStudioVersion = 17.0.31903.59
MinimumVisualStudioVersion = 10.0.40219.1
Project("{FAE04EC0-301F-11D3-BF4B-00C04F79EFBC}") = "UI", "src\UI\UI.csproj", "{CEE33828-BFE0-4601-8825-B6ABF789A76F}"
EndProject
Project("{FAE04EC0-301F-11D3-BF4B-00C04F79EFBC}") = "Models", "src\Models\Models.csproj", "{C75DB0B5-BF59-4959-9A9F-D41C9F813D61}"
EndProject
Project("{FAE04EC0-301F-11D3-BF4B-00C04F79EFBC}") = "Services", "src\Services\Services.csproj", "{464E941A-46D0-4B53-9145-348F602FD7E7}"
EndProject
Global
	GlobalSection(SolutionConfigurationPlatforms) = preSolution
		Debug|Any CPU = Debug|Any CPU
		Release|Any CPU = Release|Any CPU
	EndGlobalSection
	GlobalSection(ProjectConfigurationPlatforms) = postSolution
		{CEE33828-BFE0-4601-8825-B6ABF789A76F}.Debug|Any CPU.ActiveCfg = Debug|Any CPU
		{CEE33828-BFE0-4601-8825-B6ABF789A76F}.Debug|Any CPU.Build.0 = Debug|Any CPU
		{CEE33828-BFE0-4601-8825-B6ABF789A76F}.Release|Any CPU.ActiveCfg = Release|Any CPU
		{CEE33828-BFE0-4601-8825-B6ABF789A76F}.Release|Any CPU.Build.0 = Release|Any CPU
		{C75DB0B5-BF59-4959-9A9F-D41C9F813D61}.Debug|Any CPU.ActiveCfg = Debug|Any CPU
		{C75DB0B5-BF59-4959-9A9F-D41C9F813D61}.Debug|Any CPU.Build.0 = Debug|Any CPU
		{C75DB0B5-BF59-4959-9A9F-D41C9F813D61}.Release|Any CPU.ActiveCfg = Release|Any CPU
		{C75DB0B5-BF59-4959-9A9F-D41C9F813D61}.Release|Any CPU.Build.0 = Release|Any CPU
		{464E941A-46D0-4B53-9145-348F602FD7E7}.Debug|Any CPU.ActiveCfg = Debug|Any CPU
		{464E941A-46D0-4B53-9145-348F602FD7E7}.Debug|Any CPU.Build.0 = Debug|Any CPU
		{464E941A-46D0-4B53-9145-348F602FD7E7}.Release|Any CPU.ActiveCfg = Release|Any CPU
		{464E941A-46D0-4B53-9145-348F602FD7E7}.Release|Any CPU.Build.0 = Release|Any CPU
	EndGlobalSection
	GlobalSection(SolutionProperties) = preSolution
		HideSolutionNode = FALSE
	EndGlobalSection
	GlobalSection(ExtensibilityGlobals) = postSolution
		SolutionGuid = {0CBC69E2-D1C1-475B-A762-E61A33206892}
	EndGlobalSection
EndGlobal
